{
  "name": "play",
  "lockfileVersion": 3,
  "requires": true,
  "packages": {
    "": {
      "dependencies": {
        "@deltachat/stdio-rpc-server": "^2.2.0",
        "adhan": "^4.4.3"
      }
    },
    "node_modules/@deltachat/jsonrpc-client": {
      "version": "2.2.0",
      "resolved": "https://registry.npmjs.org/@deltachat/jsonrpc-client/-/jsonrpc-client-2.2.0.tgz",
      "integrity": "sha512-6FyvKYtipQw1uZ9Zy8PI6hU3r/AOvFzOkSz7yx1KghQ5QlNgSUEBzinfUqLeSQTfsINWCLkLroU4OAjhSxjg5g==",
      "peer": true,
      "dependencies": {
        "@deltachat/tiny-emitter": "3.0.0",
        "isomorphic-ws": "^5.0.0",
        "yerpc": "^0.6.2"
      }
    },
    "node_modules/@deltachat/stdio-rpc-server": {
      "version": "2.2.0",
      "resolved": "https://registry.npmjs.org/@deltachat/stdio-rpc-server/-/stdio-rpc-server-2.2.0.tgz",
      "integrity": "sha512-fd8t3A+876ao7f3y1COmOcyaxdFp+dXflKNfJoR51ccdYgsKU39UAwcn+jRH4UG02C0tnnr8BPUq/5HBqppEDg==",
      "optionalDependencies": {
        "@deltachat/stdio-rpc-server-android-arm": "2.2.0",
        "@deltachat/stdio-rpc-server-android-arm64": "2.2.0",
        "@deltachat/stdio-rpc-server-darwin-arm64": "2.2.0",
        "@deltachat/stdio-rpc-server-darwin-x64": "2.2.0",
        "@deltachat/stdio-rpc-server-linux-arm": "2.2.0",
        "@deltachat/stdio-rpc-server-linux-arm64": "2.2.0",
        "@deltachat/stdio-rpc-server-linux-ia32": "2.2.0",
        "@deltachat/stdio-rpc-server-linux-x64": "2.2.0",
        "@deltachat/stdio-rpc-server-win32-ia32": "2.2.0",
        "@deltachat/stdio-rpc-server-win32-x64": "2.2.0"
      },
      "peerDependencies": {
        "@deltachat/jsonrpc-client": "*"
      }
    },
    "node_modules/@deltachat/stdio-rpc-server-android-arm": {
      "version": "2.2.0",
      "resolved": "https://registry.npmjs.org/@deltachat/stdio-rpc-server-android-arm/-/stdio-rpc-server-android-arm-2.2.0.tgz",
      "integrity": "sha512-q9UrNAqqQ6LotsPE/C9pjEx8/fai2R1KuUGOsYv/nkZ4LlqxENLLVSYjJDMlYa4pezxHZb6stj8BOJdeRHO5kw==",
      "cpu": [
        "arm"
      ],
      "optional": true,
      "os": [
        "android"
      ]
    },
    "node_modules/@deltachat/stdio-rpc-server-android-arm64": {
      "version": "2.2.0",
      "resolved": "https://registry.npmjs.org/@deltachat/stdio-rpc-server-android-arm64/-/stdio-rpc-server-android-arm64-2.2.0.tgz",
      "integrity": "sha512-8OMA+zBXepSW4zpjMLAX7o06RpDYvlKSCiotvW/w4W7293ZAdpsZMg1wo+81dP4L7pfG4Op3jXFJPgbXvBtDRQ==",
      "cpu": [
        "arm64"
      ],
      "optional": true,
      "os": [
        "android"
      ]
    },
    "node_modules/@deltachat/stdio-rpc-server-darwin-arm64": {
      "version": "2.2.0",
      "resolved": "https://registry.npmjs.org/@deltachat/stdio-rpc-server-darwin-arm64/-/stdio-rpc-server-darwin-arm64-2.2.0.tgz",
      "integrity": "sha512-GSjP65SVEUFEV44Yi90d9D7t0kr2bAGJboy8VFYWOW4gX2i28XHoRv5gIyiczu7o5EE98wiioaqZ/RNvrJGd9w==",
      "cpu": [
        "arm64"
      ],
      "optional": true,
      "os": [
        "darwin"
      ]
    },
    "node_modules/@deltachat/stdio-rpc-server-darwin-x64": {
      "version": "2.2.0",
      "resolved": "https://registry.npmjs.org/@deltachat/stdio-rpc-server-darwin-x64/-/stdio-rpc-server-darwin-x64-2.2.0.tgz",
      "integrity": "sha512-bHqRJZx6ielk/3xWKrzM2A14hLq3+BoFIUOe2WtnJyfxnBns2B8r/SvldDBf5z+aBrelsI4bHX4zMH0baGI1Yg==",
      "cpu": [
        "x64"
      ],
      "optional": true,
      "os": [
        "darwin"
      ]
    },
    "node_modules/@deltachat/stdio-rpc-server-linux-arm": {
      "version": "2.2.0",
      "resolved": "https://registry.npmjs.org/@deltachat/stdio-rpc-server-linux-arm/-/stdio-rpc-server-linux-arm-2.2.0.tgz",
      "integrity": "sha512-VQ760jkpp0sp4Pc7DNewjEovsL7q4ZZgz8L/3JM+llTI8BFUBt41oyjtHWusXK9SkJcApsh92WrrU0kOXLUnOQ==",
      "cpu": [
        "arm"
      ],
      "optional": true,
      "os": [
        "linux"
      ]
    },
    "node_modules/@deltachat/stdio-rpc-server-linux-arm64": {
      "version": "2.2.0",
      "resolved": "https://registry.npmjs.org/@deltachat/stdio-rpc-server-linux-arm64/-/stdio-rpc-server-linux-arm64-2.2.0.tgz",
      "integrity": "sha512-I75NNuwNJ4sie5inDOaLg4tSb4MLBUbUKjmDqln4Ot5keLzurXj8tqIK6uzaRvrUG3hQnH5FBrVOxj3Ylpo6ig==",
      "cpu": [
        "arm64"
      ],
      "optional": true,
      "os": [
        "linux"
      ]
    },
    "node_modules/@deltachat/stdio-rpc-server-linux-ia32": {
      "version": "2.2.0",
      "resolved": "https://registry.npmjs.org/@deltachat/stdio-rpc-server-linux-ia32/-/stdio-rpc-server-linux-ia32-2.2.0.tgz",
      "integrity": "sha512-Nhl9gW2iO/7putrjqk8DkzqolidcdsoqyD0DDq3ddJqmfTdfILxm5iWPENKvEzH5sesyIlRTlR1iS9HAEi8PjA==",
      "cpu": [
        "ia32"
      ],
      "optional": true,
      "os": [
        "linux"
      ]
    },
    "node_modules/@deltachat/stdio-rpc-server-linux-x64": {
      "version": "2.2.0",
      "resolved": "https://registry.npmjs.org/@deltachat/stdio-rpc-server-linux-x64/-/stdio-rpc-server-linux-x64-2.2.0.tgz",
      "integrity": "sha512-slOoShGGQHt6+yk4zfXUvJ5HsgJa6y3dGG6HnYaQUqfx/S2S3fCTux7OAmVTQJ6xDAKrRQb9P0I6Tro/T/mFcw==",
      "cpu": [
        "x64"
      ],
      "optional": true,
      "os": [
        "linux"
      ]
    },
    "node_modules/@deltachat/stdio-rpc-server-win32-ia32": {
      "version": "2.2.0",
      "resolved": "https://registry.npmjs.org/@deltachat/stdio-rpc-server-win32-ia32/-/stdio-rpc-server-win32-ia32-2.2.0.tgz",
      "integrity": "sha512-xQ1Q+4sY/ihSbDHJbtnMTvap1OMbwJ9xg2tfthpOISQjCLmxWwN04orGDV8W8rQQbmxoPRIocV5g20EP/xtV0Q==",
      "cpu": [
        "ia32"
      ],
      "optional": true,
      "os": [
        "win32"
      ]
    },
    "node_modules/@deltachat/stdio-rpc-server-win32-x64": {
      "version": "2.2.0",
      "resolved": "https://registry.npmjs.org/@deltachat/stdio-rpc-server-win32-x64/-/stdio-rpc-server-win32-x64-2.2.0.tgz",
      "integrity": "sha512-c+ANCMxDXx5WTqFoqxqTiN4tE3YrvHd4kMI9h32MXjgLU+KlqM3ccOh7hUzXIl38Iky2LvIpBK2HffF/VMVuTA==",
      "cpu": [
        "x64"
      ],
      "optional": true,
      "os": [
        "win32"
      ]
    },
    "node_modules/@deltachat/tiny-emitter": {
      "version": "3.0.0",
      "resolved": "https://registry.npmjs.org/@deltachat/tiny-emitter/-/tiny-emitter-3.0.0.tgz",
      "integrity": "sha512-iapvwGCEWFjXtObQ/vNzXS0+M9hrZrY2tMdV7SaX8kHXKVm3oIuJUVmUj5jhABTL7GstO6uKzV+36FUZVGOqCA==",
      "peer": true
    },
    "node_modules/@types/node": {
      "version": "24.0.14",
      "resolved": "https://registry.npmjs.org/@types/node/-/node-24.0.14.tgz",
      "integrity": "sha512-4zXMWD91vBLGRtHK3YbIoFMia+1nqEz72coM42C5ETjnNCa/heoj7NT1G67iAfOqMmcfhuCZ4uNpyz8EjlAejw==",
      "peer": true,
      "dependencies": {
        "undici-types": "~7.8.0"
      }
    },
    "node_modules/@types/ws": {
      "version": "8.18.1",
      "resolved": "https://registry.npmjs.org/@types/ws/-/ws-8.18.1.tgz",
      "integrity": "sha512-ThVF6DCVhA8kUGy+aazFQ4kXQ7E1Ty7A3ypFOe0IcJV8O/M511G99AW24irKrW56Wt44yG9+ij8FaqoBGkuBXg==",
      "peer": true,
      "dependencies": {
        "@types/node": "*"
      }
    },
    "node_modules/adhan": {
      "version": "4.4.3",
      "resolved": "https://registry.npmjs.org/adhan/-/adhan-4.4.3.tgz",
      "integrity": "sha512-568KkQd8OMLUj7o7+d2FDcm6vZHWQrE7vsm/Evssh8sfUDpPyaboj3PVsScZAr7L7sNRgPrtLMmDZZfM7VeAYw=="
    },
    "node_modules/isomorphic-ws": {
      "version": "5.0.0",
      "resolved": "https://registry.npmjs.org/isomorphic-ws/-/isomorphic-ws-5.0.0.tgz",
      "integrity": "sha512-muId7Zzn9ywDsyXgTIafTry2sV3nySZeUDe6YedVd1Hvuuep5AsIlqK+XefWpYTyJG5e503F2xIuT2lcU6rCSw==",
      "peer": true,
      "peerDependencies": {
        "ws": "*"
      }
    },
    "node_modules/typescript": {
      "version": "4.9.5",
      "resolved": "https://registry.npmjs.org/typescript/-/typescript-4.9.5.tgz",
      "integrity": "sha512-1FXk9E2Hm+QzZQ7z+McJiHL4NW1F2EzMu9Nq9i3zAaGqibafqYwCVU6WyWAuyQRRzOlxou8xZSyXLEN8oKj24g==",
      "peer": true,
      "bin": {
        "tsc": "bin/tsc",
        "tsserver": "bin/tsserver"
      },
      "engines": {
        "node": ">=4.2.0"
      }
    },
    "node_modules/undici-types": {
      "version": "7.8.0",
      "resolved": "https://registry.npmjs.org/undici-types/-/undici-types-7.8.0.tgz",
      "integrity": "sha512-9UJ2xGDvQ43tYyVMpuHlsgApydB8ZKfVYTsLDhXkFL/6gfkp+U8xTGdh8pMJv1SpZna0zxG1DwsKZsreLbXBxw==",
      "peer": true
    },
    "node_modules/ws": {
      "version": "8.18.3",
      "resolved": "https://registry.npmjs.org/ws/-/ws-8.18.3.tgz",
      "integrity": "sha512-PEIGCY5tSlUt50cqyMXfCzX+oOPqN0vuGqWzbcJ2xvnkzkq46oOpz7dQaTDBdfICb4N14+GARUDw2XV2N4tvzg==",
      "peer": true,
      "engines": {
        "node": ">=10.0.0"
      },
      "peerDependencies": {
        "bufferutil": "^4.0.1",
        "utf-8-validate": ">=5.0.2"
      },
      "peerDependenciesMeta": {
        "bufferutil": {
          "optional": true
        },
        "utf-8-validate": {
          "optional": true
        }
      }
    },
    "node_modules/yerpc": {
      "version": "0.6.4",
      "resolved": "https://registry.npmjs.org/yerpc/-/yerpc-0.6.4.tgz",
      "integrity": "sha512-f/yBGREg5sR9aa6QG0thon6uL8jKJhQuRO/SwGsnOIIe45wFQrMYBV+A5cCNEgqzSHsz+Jl2F7sEO6h7CJfr5w==",
      "peer": true,
      "dependencies": {
        "@types/ws": "^8.2.2",
        "isomorphic-ws": "^4.0.1",
        "typescript": "^4.6.3"
      },
      "optionalDependencies": {
        "ws": "^8.5.0"
      }
    },
    "node_modules/yerpc/node_modules/isomorphic-ws": {
      "version": "4.0.1",
      "resolved": "https://registry.npmjs.org/isomorphic-ws/-/isomorphic-ws-4.0.1.tgz",
      "integrity": "sha512-BhBvN2MBpWTaSHdWRb/bwdZJ1WaehQ2L1KngkCkfLUGF0mAWAT1sQUQacEmQ0jXkFw/czDXPNQSL5u2/Krsz1w==",
      "peer": true,
      "peerDependencies": {
        "ws": "*"
      }
    }
  }
}
